// !$*UTF8*$!
{
	archiveVersion = 1;
	classes = {
	};
	objectVersion = 55;
	objects = {

/* Begin PBXBuildFile section */
		F80FDA56285A6F7800EC4967 /* Assembly.swift in Sources */ = {isa = PBXBuildFile; fileRef = F80FDA55285A6F7800EC4967 /* Assembly.swift */; };
		F80FDA58285C8F8D00EC4967 /* AssemblyNote.swift in Sources */ = {isa = PBXBuildFile; fileRef = F80FDA57285C8F8D00EC4967 /* AssemblyNote.swift */; };
		F83832F327F16C5500B78EB3 /* AppDelegate.swift in Sources */ = {isa = PBXBuildFile; fileRef = F83832F227F16C5500B78EB3 /* AppDelegate.swift */; };
		F83832F527F16C5500B78EB3 /* SceneDelegate.swift in Sources */ = {isa = PBXBuildFile; fileRef = F83832F427F16C5500B78EB3 /* SceneDelegate.swift */; };
		F83832FC27F16C5500B78EB3 /* Assets.xcassets in Resources */ = {isa = PBXBuildFile; fileRef = F83832FB27F16C5500B78EB3 /* Assets.xcassets */; };
		F83832FF27F16C5500B78EB3 /* LaunchScreen.storyboard in Resources */ = {isa = PBXBuildFile; fileRef = F83832FD27F16C5500B78EB3 /* LaunchScreen.storyboard */; };
		F83CA19E280882CB008A54DC /* NoteViewController.swift in Sources */ = {isa = PBXBuildFile; fileRef = F83CA19D280882CB008A54DC /* NoteViewController.swift */; };
		F8AC748A2854DB80000E9AAB /* Presenter.swift in Sources */ = {isa = PBXBuildFile; fileRef = F8AC74892854DB80000E9AAB /* Presenter.swift */; };
		F8AC748C2854DB99000E9AAB /* CleanWorker.swift in Sources */ = {isa = PBXBuildFile; fileRef = F8AC748B2854DB99000E9AAB /* CleanWorker.swift */; };
		F8AC748E2854DBA3000E9AAB /* Router.swift in Sources */ = {isa = PBXBuildFile; fileRef = F8AC748D2854DBA3000E9AAB /* Router.swift */; };
		F8AC74942854DBFD000E9AAB /* CleanListViewController.swift in Sources */ = {isa = PBXBuildFile; fileRef = F8AC74932854DBFD000E9AAB /* CleanListViewController.swift */; };
		F8AC74962854DC16000E9AAB /* CleanNoteViewCell.swift in Sources */ = {isa = PBXBuildFile; fileRef = F8AC74952854DC16000E9AAB /* CleanNoteViewCell.swift */; };
		F8AC749C2854DDC1000E9AAB /* Interactor.swift in Sources */ = {isa = PBXBuildFile; fileRef = F8AC749B2854DDC1000E9AAB /* Interactor.swift */; };
		F8AC74A42855D0AD000E9AAB /* RouterNote.swift in Sources */ = {isa = PBXBuildFile; fileRef = F8AC74A32855D0AD000E9AAB /* RouterNote.swift */; };
		F8AC74A82855D0DC000E9AAB /* InteractorNote.swift in Sources */ = {isa = PBXBuildFile; fileRef = F8AC74A72855D0DC000E9AAB /* InteractorNote.swift */; };
		F8AC74AE2856661F000E9AAB /* PresenterNote.swift in Sources */ = {isa = PBXBuildFile; fileRef = F8AC74AD2856661F000E9AAB /* PresenterNote.swift */; };
		F8AC74B028586717000E9AAB /* Model.swift in Sources */ = {isa = PBXBuildFile; fileRef = F8AC74AF28586717000E9AAB /* Model.swift */; };
/* End PBXBuildFile section */

/* Begin PBXFileReference section */
		F80FDA55285A6F7800EC4967 /* Assembly.swift */ = {isa = PBXFileReference; lastKnownFileType = sourcecode.swift; path = Assembly.swift; sourceTree = "<group>"; };
		F80FDA57285C8F8D00EC4967 /* AssemblyNote.swift */ = {isa = PBXFileReference; lastKnownFileType = sourcecode.swift; path = AssemblyNote.swift; sourceTree = "<group>"; };
		F83832EF27F16C5500B78EB3 /* Notes.app */ = {isa = PBXFileReference; explicitFileType = wrapper.application; includeInIndex = 0; path = Notes.app; sourceTree = BUILT_PRODUCTS_DIR; };
		F83832F227F16C5500B78EB3 /* AppDelegate.swift */ = {isa = PBXFileReference; lastKnownFileType = sourcecode.swift; path = AppDelegate.swift; sourceTree = "<group>"; };
		F83832F427F16C5500B78EB3 /* SceneDelegate.swift */ = {isa = PBXFileReference; lastKnownFileType = sourcecode.swift; path = SceneDelegate.swift; sourceTree = "<group>"; };
		F83832FB27F16C5500B78EB3 /* Assets.xcassets */ = {isa = PBXFileReference; lastKnownFileType = folder.assetcatalog; path = Assets.xcassets; sourceTree = "<group>"; };
		F83832FE27F16C5500B78EB3 /* Base */ = {isa = PBXFileReference; lastKnownFileType = file.storyboard; name = Base; path = Base.lproj/LaunchScreen.storyboard; sourceTree = "<group>"; };
		F838330027F16C5500B78EB3 /* Info.plist */ = {isa = PBXFileReference; lastKnownFileType = text.plist.xml; path = Info.plist; sourceTree = "<group>"; };
		F83CA19D280882CB008A54DC /* NoteViewController.swift */ = {isa = PBXFileReference; lastKnownFileType = sourcecode.swift; path = NoteViewController.swift; sourceTree = "<group>"; };
		F8AC74892854DB80000E9AAB /* Presenter.swift */ = {isa = PBXFileReference; lastKnownFileType = sourcecode.swift; path = Presenter.swift; sourceTree = "<group>"; };
		F8AC748B2854DB99000E9AAB /* CleanWorker.swift */ = {isa = PBXFileReference; lastKnownFileType = sourcecode.swift; path = CleanWorker.swift; sourceTree = "<group>"; };
		F8AC748D2854DBA3000E9AAB /* Router.swift */ = {isa = PBXFileReference; lastKnownFileType = sourcecode.swift; path = Router.swift; sourceTree = "<group>"; };
		F8AC74932854DBFD000E9AAB /* CleanListViewController.swift */ = {isa = PBXFileReference; lastKnownFileType = sourcecode.swift; path = CleanListViewController.swift; sourceTree = "<group>"; };
		F8AC74952854DC16000E9AAB /* CleanNoteViewCell.swift */ = {isa = PBXFileReference; lastKnownFileType = sourcecode.swift; path = CleanNoteViewCell.swift; sourceTree = "<group>"; };
		F8AC749B2854DDC1000E9AAB /* Interactor.swift */ = {isa = PBXFileReference; lastKnownFileType = sourcecode.swift; path = Interactor.swift; sourceTree = "<group>"; };
		F8AC74A32855D0AD000E9AAB /* RouterNote.swift */ = {isa = PBXFileReference; lastKnownFileType = sourcecode.swift; path = RouterNote.swift; sourceTree = "<group>"; };
		F8AC74A72855D0DC000E9AAB /* InteractorNote.swift */ = {isa = PBXFileReference; lastKnownFileType = sourcecode.swift; path = InteractorNote.swift; sourceTree = "<group>"; };
		F8AC74AD2856661F000E9AAB /* PresenterNote.swift */ = {isa = PBXFileReference; lastKnownFileType = sourcecode.swift; path = PresenterNote.swift; sourceTree = "<group>"; };
		F8AC74AF28586717000E9AAB /* Model.swift */ = {isa = PBXFileReference; lastKnownFileType = sourcecode.swift; path = Model.swift; sourceTree = "<group>"; };
/* End PBXFileReference section */

/* Begin PBXFrameworksBuildPhase section */
		F83832EC27F16C5500B78EB3 /* Frameworks */ = {
			isa = PBXFrameworksBuildPhase;
			buildActionMask = 2147483647;
			files = (
			);
			runOnlyForDeploymentPostprocessing = 0;
		};
/* End PBXFrameworksBuildPhase section */

/* Begin PBXGroup section */
		F83832E627F16C5500B78EB3 = {
			isa = PBXGroup;
			children = (
				F83832F127F16C5500B78EB3 /* Notes */,
				F83832F027F16C5500B78EB3 /* Products */,
			);
			sourceTree = "<group>";
		};
		F83832F027F16C5500B78EB3 /* Products */ = {
			isa = PBXGroup;
			children = (
				F83832EF27F16C5500B78EB3 /* Notes.app */,
			);
			name = Products;
			sourceTree = "<group>";
		};
		F83832F127F16C5500B78EB3 /* Notes */ = {
			isa = PBXGroup;
			children = (
				F8AC749E2855D079000E9AAB /* NoteScene */,
				F8AC749D2854EB0F000E9AAB /* ListScene */,
				F83CA1A3280885F2008A54DC /* General */,
				F83832FB27F16C5500B78EB3 /* Assets.xcassets */,
				F83832FD27F16C5500B78EB3 /* LaunchScreen.storyboard */,
				F838330027F16C5500B78EB3 /* Info.plist */,
			);
			path = Notes;
			sourceTree = "<group>";
		};
		F83CA1A3280885F2008A54DC /* General */ = {
			isa = PBXGroup;
			children = (
				F83832F427F16C5500B78EB3 /* SceneDelegate.swift */,
				F83832F227F16C5500B78EB3 /* AppDelegate.swift */,
			);
			path = General;
			sourceTree = "<group>";
		};
		F8AC749D2854EB0F000E9AAB /* ListScene */ = {
			isa = PBXGroup;
			children = (
				F80FDA55285A6F7800EC4967 /* Assembly.swift */,
				F8AC74932854DBFD000E9AAB /* CleanListViewController.swift */,
				F8AC74892854DB80000E9AAB /* Presenter.swift */,
				F8AC749B2854DDC1000E9AAB /* Interactor.swift */,
				F8AC748D2854DBA3000E9AAB /* Router.swift */,
				F8AC74952854DC16000E9AAB /* CleanNoteViewCell.swift */,
				F8AC748B2854DB99000E9AAB /* CleanWorker.swift */,
				F8AC74AF28586717000E9AAB /* Model.swift */,
			);
			path = ListScene;
			sourceTree = "<group>";
		};
		F8AC749E2855D079000E9AAB /* NoteScene */ = {
			isa = PBXGroup;
			children = (
				F80FDA57285C8F8D00EC4967 /* AssemblyNote.swift */,
				F8AC74A32855D0AD000E9AAB /* RouterNote.swift */,
				F83CA19D280882CB008A54DC /* NoteViewController.swift */,
				F8AC74A72855D0DC000E9AAB /* InteractorNote.swift */,
				F8AC74AD2856661F000E9AAB /* PresenterNote.swift */,
			);
			path = NoteScene;
			sourceTree = "<group>";
		};
/* End PBXGroup section */

/* Begin PBXNativeTarget section */
		F83832EE27F16C5500B78EB3 /* Notes */ = {
			isa = PBXNativeTarget;
			buildConfigurationList = F838330327F16C5500B78EB3 /* Build configuration list for PBXNativeTarget "Notes" */;
			buildPhases = (
				F811014227F3AE66004D4E25 /* Run Script */,
				F83832EB27F16C5500B78EB3 /* Sources */,
				F83832EC27F16C5500B78EB3 /* Frameworks */,
				F83832ED27F16C5500B78EB3 /* Resources */,
			);
			buildRules = (
			);
			dependencies = (
			);
			name = Notes;
			productName = Notes;
			productReference = F83832EF27F16C5500B78EB3 /* Notes.app */;
			productType = "com.apple.product-type.application";
		};
/* End PBXNativeTarget section */

/* Begin PBXProject section */
		F83832E727F16C5500B78EB3 /* Project object */ = {
			isa = PBXProject;
			attributes = {
				BuildIndependentTargetsInParallel = 1;
				LastSwiftUpdateCheck = 1320;
				LastUpgradeCheck = 1320;
				TargetAttributes = {
					F83832EE27F16C5500B78EB3 = {
						CreatedOnToolsVersion = 13.2.1;
					};
				};
			};
			buildConfigurationList = F83832EA27F16C5500B78EB3 /* Build configuration list for PBXProject "Notes" */;
			compatibilityVersion = "Xcode 13.0";
			developmentRegion = en;
			hasScannedForEncodings = 0;
			knownRegions = (
				en,
				Base,
			);
			mainGroup = F83832E627F16C5500B78EB3;
			productRefGroup = F83832F027F16C5500B78EB3 /* Products */;
			projectDirPath = "";
			projectRoot = "";
			targets = (
				F83832EE27F16C5500B78EB3 /* Notes */,
			);
		};
/* End PBXProject section */

/* Begin PBXResourcesBuildPhase section */
		F83832ED27F16C5500B78EB3 /* Resources */ = {
			isa = PBXResourcesBuildPhase;
			buildActionMask = 2147483647;
			files = (
				F83832FF27F16C5500B78EB3 /* LaunchScreen.storyboard in Resources */,
				F83832FC27F16C5500B78EB3 /* Assets.xcassets in Resources */,
			);
			runOnlyForDeploymentPostprocessing = 0;
		};
/* End PBXResourcesBuildPhase section */

/* Begin PBXShellScriptBuildPhase section */
		F811014227F3AE66004D4E25 /* Run Script */ = {
			isa = PBXShellScriptBuildPhase;
			buildActionMask = 2147483647;
			files = (
			);
			inputFileListPaths = (
			);
			inputPaths = (
			);
			name = "Run Script";
			outputFileListPaths = (
			);
			outputPaths = (
			);
			runOnlyForDeploymentPostprocessing = 0;
			shellPath = /bin/sh;
			shellScript = "# Type a script or drag a script file from your workspace to insert its path.\nexport PATH=\"$PATH:\"\nexport PATH+=~/\nexport PATH+=\"portable_swiftlint\"\nif which swiftlint > /dev/null; then\n  swiftlint\nelse\n  echo \"warning: SwiftLint not installed, download from https://github.com/realm/SwiftLint\"\nfi\n";
		};
/* End PBXShellScriptBuildPhase section */

/* Begin PBXSourcesBuildPhase section */
		F83832EB27F16C5500B78EB3 /* Sources */ = {
			isa = PBXSourcesBuildPhase;
			buildActionMask = 2147483647;
			files = (
				F80FDA58285C8F8D00EC4967 /* AssemblyNote.swift in Sources */,
				F83832F327F16C5500B78EB3 /* AppDelegate.swift in Sources */,
				F8AC748C2854DB99000E9AAB /* CleanWorker.swift in Sources */,
				F8AC748A2854DB80000E9AAB /* Presenter.swift in Sources */,
				F80FDA56285A6F7800EC4967 /* Assembly.swift in Sources */,
				F83832F527F16C5500B78EB3 /* SceneDelegate.swift in Sources */,
				F8AC748E2854DBA3000E9AAB /* Router.swift in Sources */,
				F8AC74A82855D0DC000E9AAB /* InteractorNote.swift in Sources */,
				F8AC74942854DBFD000E9AAB /* CleanListViewController.swift in Sources */,
				F8AC74B028586717000E9AAB /* Model.swift in Sources */,
				F83CA19E280882CB008A54DC /* NoteViewController.swift in Sources */,
				F8AC74AE2856661F000E9AAB /* PresenterNote.swift in Sources */,
				F8AC749C2854DDC1000E9AAB /* Interactor.swift in Sources */,
				F8AC74962854DC16000E9AAB /* CleanNoteViewCell.swift in Sources */,
				F8AC74A42855D0AD000E9AAB /* RouterNote.swift in Sources */,
			);
			runOnlyForDeploymentPostprocessing = 0;
		};
/* End PBXSourcesBuildPhase section */

/* Begin PBXVariantGroup section */
		F83832FD27F16C5500B78EB3 /* LaunchScreen.storyboard */ = {
			isa = PBXVariantGroup;
			children = (
				F83832FE27F16C5500B78EB3 /* Base */,
			);
			name = LaunchScreen.storyboard;
			sourceTree = "<group>";
		};
/* End PBXVariantGroup section */

/* Begin XCBuildConfiguration section */
		F838330127F16C5500B78EB3 /* Debug */ = {
			isa = XCBuildConfiguration;
			buildSettings = {
				ALWAYS_SEARCH_USER_PATHS = NO;
				CLANG_ANALYZER_NONNULL = YES;
				CLANG_ANALYZER_NUMBER_OBJECT_CONVERSION = YES_AGGRESSIVE;
				CLANG_CXX_LANGUAGE_STANDARD = "gnu++17";
				CLANG_CXX_LIBRARY = "libc++";
				CLANG_ENABLE_MODULES = YES;
				CLANG_ENABLE_OBJC_ARC = YES;
				CLANG_ENABLE_OBJC_WEAK = YES;
				CLANG_WARN_BLOCK_CAPTURE_AUTORELEASING = YES;
				CLANG_WARN_BOOL_CONVERSION = YES;
				CLANG_WARN_COMMA = YES;
				CLANG_WARN_CONSTANT_CONVERSION = YES;
				CLANG_WARN_DEPRECATED_OBJC_IMPLEMENTATIONS = YES;
				CLANG_WARN_DIRECT_OBJC_ISA_USAGE = YES_ERROR;
				CLANG_WARN_DOCUMENTATION_COMMENTS = YES;
				CLANG_WARN_EMPTY_BODY = YES;
				CLANG_WARN_ENUM_CONVERSION = YES;
				CLANG_WARN_INFINITE_RECURSION = YES;
				CLANG_WARN_INT_CONVERSION = YES;
				CLANG_WARN_NON_LITERAL_NULL_CONVERSION = YES;
				CLANG_WARN_OBJC_IMPLICIT_RETAIN_SELF = YES;
				CLANG_WARN_OBJC_LITERAL_CONVERSION = YES;
				CLANG_WARN_OBJC_ROOT_CLASS = YES_ERROR;
				CLANG_WARN_QUOTED_INCLUDE_IN_FRAMEWORK_HEADER = YES;
				CLANG_WARN_RANGE_LOOP_ANALYSIS = YES;
				CLANG_WARN_STRICT_PROTOTYPES = YES;
				CLANG_WARN_SUSPICIOUS_MOVE = YES;
				CLANG_WARN_UNGUARDED_AVAILABILITY = YES_AGGRESSIVE;
				CLANG_WARN_UNREACHABLE_CODE = YES;
				CLANG_WARN__DUPLICATE_METHOD_MATCH = YES;
				COPY_PHASE_STRIP = NO;
				DEBUG_INFORMATION_FORMAT = dwarf;
				ENABLE_STRICT_OBJC_MSGSEND = YES;
				ENABLE_TESTABILITY = YES;
				GCC_C_LANGUAGE_STANDARD = gnu11;
				GCC_DYNAMIC_NO_PIC = NO;
				GCC_NO_COMMON_BLOCKS = YES;
				GCC_OPTIMIZATION_LEVEL = 0;
				GCC_PREPROCESSOR_DEFINITIONS = (
					"DEBUG=1",
					"$(inherited)",
				);
				GCC_WARN_64_TO_32_BIT_CONVERSION = YES;
				GCC_WARN_ABOUT_RETURN_TYPE = YES_ERROR;
				GCC_WARN_UNDECLARED_SELECTOR = YES;
				GCC_WARN_UNINITIALIZED_AUTOS = YES_AGGRESSIVE;
				GCC_WARN_UNUSED_FUNCTION = YES;
				GCC_WARN_UNUSED_VARIABLE = YES;
				IPHONEOS_DEPLOYMENT_TARGET = 15.2;
				MTL_ENABLE_DEBUG_INFO = INCLUDE_SOURCE;
				MTL_FAST_MATH = YES;
				ONLY_ACTIVE_ARCH = YES;
				SDKROOT = iphoneos;
				SWIFT_ACTIVE_COMPILATION_CONDITIONS = DEBUG;
				SWIFT_OPTIMIZATION_LEVEL = "-Onone";
			};
			name = Debug;
		};
		F838330227F16C5500B78EB3 /* Release */ = {
			isa = XCBuildConfiguration;
			buildSettings = {
				ALWAYS_SEARCH_USER_PATHS = NO;
				CLANG_ANALYZER_NONNULL = YES;
				CLANG_ANALYZER_NUMBER_OBJECT_CONVERSION = YES_AGGRESSIVE;
				CLANG_CXX_LANGUAGE_STANDARD = "gnu++17";
				CLANG_CXX_LIBRARY = "libc++";
				CLANG_ENABLE_MODULES = YES;
				CLANG_ENABLE_OBJC_ARC = YES;
				CLANG_ENABLE_OBJC_WEAK = YES;
				CLANG_WARN_BLOCK_CAPTURE_AUTORELEASING = YES;
				CLANG_WARN_BOOL_CONVERSION = YES;
				CLANG_WARN_COMMA = YES;
				CLANG_WARN_CONSTANT_CONVERSION = YES;
				CLANG_WARN_DEPRECATED_OBJC_IMPLEMENTATIONS = YES;
				CLANG_WARN_DIRECT_OBJC_ISA_USAGE = YES_ERROR;
				CLANG_WARN_DOCUMENTATION_COMMENTS = YES;
				CLANG_WARN_EMPTY_BODY = YES;
				CLANG_WARN_ENUM_CONVERSION = YES;
				CLANG_WARN_INFINITE_RECURSION = YES;
				CLANG_WARN_INT_CONVERSION = YES;
				CLANG_WARN_NON_LITERAL_NULL_CONVERSION = YES;
				CLANG_WARN_OBJC_IMPLICIT_RETAIN_SELF = YES;
				CLANG_WARN_OBJC_LITERAL_CONVERSION = YES;
				CLANG_WARN_OBJC_ROOT_CLASS = YES_ERROR;
				CLANG_WARN_QUOTED_INCLUDE_IN_FRAMEWORK_HEADER = YES;
				CLANG_WARN_RANGE_LOOP_ANALYSIS = YES;
				CLANG_WARN_STRICT_PROTOTYPES = YES;
				CLANG_WARN_SUSPICIOUS_MOVE = YES;
				CLANG_WARN_UNGUARDED_AVAILABILITY = YES_AGGRESSIVE;
				CLANG_WARN_UNREACHABLE_CODE = YES;
				CLANG_WARN__DUPLICATE_METHOD_MATCH = YES;
				COPY_PHASE_STRIP = NO;
				DEBUG_INFORMATION_FORMAT = "dwarf-with-dsym";
				ENABLE_NS_ASSERTIONS = NO;
				ENABLE_STRICT_OBJC_MSGSEND = YES;
				GCC_C_LANGUAGE_STANDARD = gnu11;
				GCC_NO_COMMON_BLOCKS = YES;
				GCC_WARN_64_TO_32_BIT_CONVERSION = YES;
				GCC_WARN_ABOUT_RETURN_TYPE = YES_ERROR;
				GCC_WARN_UNDECLARED_SELECTOR = YES;
				GCC_WARN_UNINITIALIZED_AUTOS = YES_AGGRESSIVE;
				GCC_WARN_UNUSED_FUNCTION = YES;
				GCC_WARN_UNUSED_VARIABLE = YES;
				IPHONEOS_DEPLOYMENT_TARGET = 15.2;
				MTL_ENABLE_DEBUG_INFO = NO;
				MTL_FAST_MATH = YES;
				SDKROOT = iphoneos;
				SWIFT_COMPILATION_MODE = wholemodule;
				SWIFT_OPTIMIZATION_LEVEL = "-O";
				VALIDATE_PRODUCT = YES;
			};
			name = Release;
		};
		F838330427F16C5500B78EB3 /* Debug */ = {
			isa = XCBuildConfiguration;
			buildSettings = {
				ASSETCATALOG_COMPILER_APPICON_NAME = AppIcon;
				ASSETCATALOG_COMPILER_GLOBAL_ACCENT_COLOR_NAME = AccentColor;
				CODE_SIGN_STYLE = Automatic;
				CURRENT_PROJECT_VERSION = 1;
				DEVELOPMENT_TEAM = T43M2RW9QP;
				GENERATE_INFOPLIST_FILE = YES;
				INFOPLIST_FILE = Notes/Info.plist;
				INFOPLIST_KEY_UIApplicationSupportsIndirectInputEvents = YES;
				INFOPLIST_KEY_UILaunchStoryboardName = LaunchScreen;
				INFOPLIST_KEY_UISupportedInterfaceOrientations = "";
				INFOPLIST_KEY_UISupportedInterfaceOrientations_iPad = "UIInterfaceOrientationPortrait UIInterfaceOrientationPortraitUpsideDown UIInterfaceOrientationLandscapeLeft UIInterfaceOrientationLandscapeRight";
				INFOPLIST_KEY_UISupportedInterfaceOrientations_iPhone = "UIInterfaceOrientationPortrait UIInterfaceOrientationLandscapeLeft UIInterfaceOrientationLandscapeRight";
				IPHONEOS_DEPLOYMENT_TARGET = 15.0;
				LD_RUNPATH_SEARCH_PATHS = (
					"$(inherited)",
					"@executable_path/Frameworks",
				);
				MARKETING_VERSION = 1.0;
				PRODUCT_BUNDLE_IDENTIFIER = mganeeva.Notes;
				PRODUCT_NAME = "$(TARGET_NAME)";
				SWIFT_EMIT_LOC_STRINGS = YES;
				SWIFT_VERSION = 5.0;
				TARGETED_DEVICE_FAMILY = "1,2";
			};
			name = Debug;
		};
		F838330527F16C5500B78EB3 /* Release */ = {
			isa = XCBuildConfiguration;
			buildSettings = {
				ASSETCATALOG_COMPILER_APPICON_NAME = AppIcon;
				ASSETCATALOG_COMPILER_GLOBAL_ACCENT_COLOR_NAME = AccentColor;
				CODE_SIGN_STYLE = Automatic;
				CURRENT_PROJECT_VERSION = 1;
				DEVELOPMENT_TEAM = T43M2RW9QP;
				GENERATE_INFOPLIST_FILE = YES;
				INFOPLIST_FILE = Notes/Info.plist;
				INFOPLIST_KEY_UIApplicationSupportsIndirectInputEvents = YES;
				INFOPLIST_KEY_UILaunchStoryboardName = LaunchScreen;
				INFOPLIST_KEY_UISupportedInterfaceOrientations = "";
				INFOPLIST_KEY_UISupportedInterfaceOrientations_iPad = "UIInterfaceOrientationPortrait UIInterfaceOrientationPortraitUpsideDown UIInterfaceOrientationLandscapeLeft UIInterfaceOrientationLandscapeRight";
				INFOPLIST_KEY_UISupportedInterfaceOrientations_iPhone = "UIInterfaceOrientationPortrait UIInterfaceOrientationLandscapeLeft UIInterfaceOrientationLandscapeRight";
				IPHONEOS_DEPLOYMENT_TARGET = 15.0;
				LD_RUNPATH_SEARCH_PATHS = (
					"$(inherited)",
					"@executable_path/Frameworks",
				);
				MARKETING_VERSION = 1.0;
				PRODUCT_BUNDLE_IDENTIFIER = mganeeva.Notes;
				PRODUCT_NAME = "$(TARGET_NAME)";
				SWIFT_EMIT_LOC_STRINGS = YES;
				SWIFT_VERSION = 5.0;
				TARGETED_DEVICE_FAMILY = "1,2";
			};
			name = Release;
		};
/* End XCBuildConfiguration section */

/* Begin XCConfigurationList section */
		F83832EA27F16C5500B78EB3 /* Build configuration list for PBXProject "Notes" */ = {
			isa = XCConfigurationList;
			buildConfigurations = (
				F838330127F16C5500B78EB3 /* Debug */,
				F838330227F16C5500B78EB3 /* Release */,
			);
			defaultConfigurationIsVisible = 0;
			defaultConfigurationName = Release;
		};
		F838330327F16C5500B78EB3 /* Build configuration list for PBXNativeTarget "Notes" */ = {
			isa = XCConfigurationList;
			buildConfigurations = (
				F838330427F16C5500B78EB3 /* Debug */,
				F838330527F16C5500B78EB3 /* Release */,
			);
			defaultConfigurationIsVisible = 0;
			defaultConfigurationName = Release;
		};
/* End XCConfigurationList section */
	};
	rootObject = F83832E727F16C5500B78EB3 /* Project object */;
}
